{
  "name": "5.5",
  "lockfileVersion": 3,
  "requires": true,
  "packages": {
    "": {
      "dependencies": {
        "types-registry": "^0.1.691"
      }
    },
    "node_modules/types-registry": {
      "version": "0.1.691",
      "resolved": "https://registry.npmjs.org/types-registry/-/types-registry-0.1.691.tgz",
      "integrity": "sha512-SZeVe+Bg9jLb8CAoYDWMD3m+7U//6QIx/upOlTKoI41/yGh+0Mnc5jyxB++NXJeZJFLeFFXlXkwROLN2ro3xEw==",
      "license": "MIT"
    }
  }
}
